// !$*UTF8*$!
{
	archiveVersion = 1;
	classes = {
	};
	objectVersion = 50;
	objects = {

/* Begin PBXBuildFile section */
		CE0422C12229CAD2001E922C /* GoogleService-Info.plist in Resources */ = {isa = PBXBuildFile; fileRef = CE0422C02229CAD2001E922C /* GoogleService-Info.plist */; };
		CE1D6E54223D17C0000D0387 /* DeletionViewController.swift in Sources */ = {isa = PBXBuildFile; fileRef = CE1D6E53223D17C0000D0387 /* DeletionViewController.swift */; };
		CE3C886822188F6E00A0B849 /* MapKit.framework in Frameworks */ = {isa = PBXBuildFile; fileRef = CE3C886722188F6E00A0B849 /* MapKit.framework */; };
		CE46E02722176F5B0025FB5C /* ArtDetailsViewController.swift in Sources */ = {isa = PBXBuildFile; fileRef = CE46E02622176F5B0025FB5C /* ArtDetailsViewController.swift */; };
		CE727131221CCD980040C84E /* MapViewController.swift in Sources */ = {isa = PBXBuildFile; fileRef = CE727130221CCD980040C84E /* MapViewController.swift */; };
		CE727133221CCE400040C84E /* UserLocations.swift in Sources */ = {isa = PBXBuildFile; fileRef = CE727132221CCE400040C84E /* UserLocations.swift */; };
		CE904D102225E654005CE6CF /* GlobeViewController.swift in Sources */ = {isa = PBXBuildFile; fileRef = CE904D0F2225E654005CE6CF /* GlobeViewController.swift */; };
		CEBBFBE32223557200A9085D /* SearchTableViewController.swift in Sources */ = {isa = PBXBuildFile; fileRef = CEBBFBE22223557200A9085D /* SearchTableViewController.swift */; };
		CEC792832229BC99001B2604 /* LogInScreenViewController.swift in Sources */ = {isa = PBXBuildFile; fileRef = CEC792822229BC99001B2604 /* LogInScreenViewController.swift */; };
		CED137F12215BAD200C9B2F3 /* AppDelegate.swift in Sources */ = {isa = PBXBuildFile; fileRef = CED137F02215BAD200C9B2F3 /* AppDelegate.swift */; };
		CED137F32215BAD300C9B2F3 /* ArtCollectionTableviewController.swift in Sources */ = {isa = PBXBuildFile; fileRef = CED137F22215BAD300C9B2F3 /* ArtCollectionTableviewController.swift */; };
		CED137F62215BAD300C9B2F3 /* Main.storyboard in Resources */ = {isa = PBXBuildFile; fileRef = CED137F42215BAD300C9B2F3 /* Main.storyboard */; };
		CED137F92215BAD300C9B2F3 /* ArtonTap.xcdatamodeld in Sources */ = {isa = PBXBuildFile; fileRef = CED137F72215BAD300C9B2F3 /* ArtonTap.xcdatamodeld */; };
		CED137FB2215BAD500C9B2F3 /* Assets.xcassets in Resources */ = {isa = PBXBuildFile; fileRef = CED137FA2215BAD500C9B2F3 /* Assets.xcassets */; };
		CED137FE2215BAD500C9B2F3 /* LaunchScreen.storyboard in Resources */ = {isa = PBXBuildFile; fileRef = CED137FC2215BAD500C9B2F3 /* LaunchScreen.storyboard */; };
		CED138062215EF3100C9B2F3 /* AddArtViewCellViewController.swift in Sources */ = {isa = PBXBuildFile; fileRef = CED138052215EF3100C9B2F3 /* AddArtViewCellViewController.swift */; };
		FFEB9CFBA91BBACAD71E4A1D /* Pods_ArtonTap.framework in Frameworks */ = {isa = PBXBuildFile; fileRef = BC9A8F34CE20CA8C8E72462E /* Pods_ArtonTap.framework */; };
/* End PBXBuildFile section */

/* Begin PBXFileReference section */
		1633E00E65F68FC619503914 /* Pods-ArtonTap.debug.xcconfig */ = {isa = PBXFileReference; includeInIndex = 1; lastKnownFileType = text.xcconfig; name = "Pods-ArtonTap.debug.xcconfig"; path = "Pods/Target Support Files/Pods-ArtonTap/Pods-ArtonTap.debug.xcconfig"; sourceTree = "<group>"; };
		9D479BB83E604BFBF9A43103 /* Pods-ArtonTap.release.xcconfig */ = {isa = PBXFileReference; includeInIndex = 1; lastKnownFileType = text.xcconfig; name = "Pods-ArtonTap.release.xcconfig"; path = "Pods/Target Support Files/Pods-ArtonTap/Pods-ArtonTap.release.xcconfig"; sourceTree = "<group>"; };
		BC9A8F34CE20CA8C8E72462E /* Pods_ArtonTap.framework */ = {isa = PBXFileReference; explicitFileType = wrapper.framework; includeInIndex = 0; path = Pods_ArtonTap.framework; sourceTree = BUILT_PRODUCTS_DIR; };
		CE0142962229D2AA00A76023 /* ArtonTap.entitlements */ = {isa = PBXFileReference; lastKnownFileType = text.plist.entitlements; path = ArtonTap.entitlements; sourceTree = "<group>"; };
		CE0422C02229CAD2001E922C /* GoogleService-Info.plist */ = {isa = PBXFileReference; fileEncoding = 4; lastKnownFileType = text.plist.xml; path = "GoogleService-Info.plist"; sourceTree = SOURCE_ROOT; };
		CE1D6E53223D17C0000D0387 /* DeletionViewController.swift */ = {isa = PBXFileReference; lastKnownFileType = sourcecode.swift; path = DeletionViewController.swift; sourceTree = "<group>"; };
		CE3C886722188F6E00A0B849 /* MapKit.framework */ = {isa = PBXFileReference; lastKnownFileType = wrapper.framework; name = MapKit.framework; path = System/Library/Frameworks/MapKit.framework; sourceTree = SDKROOT; };
		CE46E02622176F5B0025FB5C /* ArtDetailsViewController.swift */ = {isa = PBXFileReference; lastKnownFileType = sourcecode.swift; path = ArtDetailsViewController.swift; sourceTree = "<group>"; };
		CE727130221CCD980040C84E /* MapViewController.swift */ = {isa = PBXFileReference; lastKnownFileType = sourcecode.swift; path = MapViewController.swift; sourceTree = "<group>"; };
		CE727132221CCE400040C84E /* UserLocations.swift */ = {isa = PBXFileReference; lastKnownFileType = sourcecode.swift; path = UserLocations.swift; sourceTree = "<group>"; };
		CE904D0F2225E654005CE6CF /* GlobeViewController.swift */ = {isa = PBXFileReference; lastKnownFileType = sourcecode.swift; path = GlobeViewController.swift; sourceTree = "<group>"; };
		CEBBFBE22223557200A9085D /* SearchTableViewController.swift */ = {isa = PBXFileReference; lastKnownFileType = sourcecode.swift; path = SearchTableViewController.swift; sourceTree = "<group>"; };
		CEC792822229BC99001B2604 /* LogInScreenViewController.swift */ = {isa = PBXFileReference; lastKnownFileType = sourcecode.swift; path = LogInScreenViewController.swift; sourceTree = "<group>"; };
		CED137ED2215BAD200C9B2F3 /* ArtonTap.app */ = {isa = PBXFileReference; explicitFileType = wrapper.application; includeInIndex = 0; path = ArtonTap.app; sourceTree = BUILT_PRODUCTS_DIR; };
		CED137F02215BAD200C9B2F3 /* AppDelegate.swift */ = {isa = PBXFileReference; lastKnownFileType = sourcecode.swift; path = AppDelegate.swift; sourceTree = "<group>"; };
		CED137F22215BAD300C9B2F3 /* ArtCollectionTableviewController.swift */ = {isa = PBXFileReference; lastKnownFileType = sourcecode.swift; path = ArtCollectionTableviewController.swift; sourceTree = "<group>"; };
		CED137F52215BAD300C9B2F3 /* Base */ = {isa = PBXFileReference; lastKnownFileType = file.storyboard; name = Base; path = Base.lproj/Main.storyboard; sourceTree = "<group>"; };
		CED137F82215BAD300C9B2F3 /* ArtonTap.xcdatamodel */ = {isa = PBXFileReference; lastKnownFileType = wrapper.xcdatamodel; path = ArtonTap.xcdatamodel; sourceTree = "<group>"; };
		CED137FA2215BAD500C9B2F3 /* Assets.xcassets */ = {isa = PBXFileReference; lastKnownFileType = folder.assetcatalog; path = Assets.xcassets; sourceTree = "<group>"; };
		CED137FD2215BAD500C9B2F3 /* Base */ = {isa = PBXFileReference; lastKnownFileType = file.storyboard; name = Base; path = Base.lproj/LaunchScreen.storyboard; sourceTree = "<group>"; };
		CED137FF2215BAD500C9B2F3 /* Info.plist */ = {isa = PBXFileReference; lastKnownFileType = text.plist.xml; path = Info.plist; sourceTree = "<group>"; };
		CED138052215EF3100C9B2F3 /* AddArtViewCellViewController.swift */ = {isa = PBXFileReference; lastKnownFileType = sourcecode.swift; path = AddArtViewCellViewController.swift; sourceTree = "<group>"; };
/* End PBXFileReference section */

/* Begin PBXFrameworksBuildPhase section */
		CED137EA2215BAD200C9B2F3 /* Frameworks */ = {
			isa = PBXFrameworksBuildPhase;
			buildActionMask = 2147483647;
			files = (
				CE3C886822188F6E00A0B849 /* MapKit.framework in Frameworks */,
				FFEB9CFBA91BBACAD71E4A1D /* Pods_ArtonTap.framework in Frameworks */,
			);
			runOnlyForDeploymentPostprocessing = 0;
		};
/* End PBXFrameworksBuildPhase section */

/* Begin PBXGroup section */
		7EDE8EE7713D8CF7A1383890 /* Pods */ = {
			isa = PBXGroup;
			children = (
				1633E00E65F68FC619503914 /* Pods-ArtonTap.debug.xcconfig */,
				9D479BB83E604BFBF9A43103 /* Pods-ArtonTap.release.xcconfig */,
			);
			name = Pods;
			sourceTree = "<group>";
		};
		CE3C886622188F6E00A0B849 /* Frameworks */ = {
			isa = PBXGroup;
			children = (
				CE3C886722188F6E00A0B849 /* MapKit.framework */,
				BC9A8F34CE20CA8C8E72462E /* Pods_ArtonTap.framework */,
			);
			name = Frameworks;
			sourceTree = "<group>";
		};
		CE46E02822176F710025FB5C /* Controller */ = {
			isa = PBXGroup;
			children = (
				CEC792822229BC99001B2604 /* LogInScreenViewController.swift */,
				CE1D6E53223D17C0000D0387 /* DeletionViewController.swift */,
				CE904D0F2225E654005CE6CF /* GlobeViewController.swift */,
				CE727130221CCD980040C84E /* MapViewController.swift */,
				CEBBFBE22223557200A9085D /* SearchTableViewController.swift */,
				CED138052215EF3100C9B2F3 /* AddArtViewCellViewController.swift */,
				CED137F02215BAD200C9B2F3 /* AppDelegate.swift */,
				CED137F22215BAD300C9B2F3 /* ArtCollectionTableviewController.swift */,
				CE46E02622176F5B0025FB5C /* ArtDetailsViewController.swift */,
			);
			path = Controller;
			sourceTree = "<group>";
		};
		CE46E02922176F8D0025FB5C /* Model */ = {
			isa = PBXGroup;
			children = (
				CED137F72215BAD300C9B2F3 /* ArtonTap.xcdatamodeld */,
				CE0422C02229CAD2001E922C /* GoogleService-Info.plist */,
				CED137FF2215BAD500C9B2F3 /* Info.plist */,
			);
			path = Model;
			sourceTree = "<group>";
		};
		CE46E02A22176FA20025FB5C /* View */ = {
			isa = PBXGroup;
			children = (
				CED137F42215BAD300C9B2F3 /* Main.storyboard */,
				CED137FC2215BAD500C9B2F3 /* LaunchScreen.storyboard */,
			);
			path = View;
			sourceTree = "<group>";
		};
		CE46E02C22176FC40025FB5C /* Supporting Files */ = {
			isa = PBXGroup;
			children = (
				CE727132221CCE400040C84E /* UserLocations.swift */,
				CED137FA2215BAD500C9B2F3 /* Assets.xcassets */,
			);
			path = "Supporting Files";
			sourceTree = "<group>";
		};
		CED137E42215BAD200C9B2F3 = {
			isa = PBXGroup;
			children = (
				CED137EF2215BAD200C9B2F3 /* ArtonTap */,
				CED137EE2215BAD200C9B2F3 /* Products */,
				CE3C886622188F6E00A0B849 /* Frameworks */,
				7EDE8EE7713D8CF7A1383890 /* Pods */,
			);
			sourceTree = "<group>";
		};
		CED137EE2215BAD200C9B2F3 /* Products */ = {
			isa = PBXGroup;
			children = (
				CED137ED2215BAD200C9B2F3 /* ArtonTap.app */,
			);
			name = Products;
			sourceTree = "<group>";
		};
		CED137EF2215BAD200C9B2F3 /* ArtonTap */ = {
			isa = PBXGroup;
			children = (
				CE0142962229D2AA00A76023 /* ArtonTap.entitlements */,
				CE46E02922176F8D0025FB5C /* Model */,
				CE46E02A22176FA20025FB5C /* View */,
				CE46E02822176F710025FB5C /* Controller */,
				CE46E02C22176FC40025FB5C /* Supporting Files */,
			);
			path = ArtonTap;
			sourceTree = "<group>";
		};
/* End PBXGroup section */

/* Begin PBXNativeTarget section */
		CED137EC2215BAD200C9B2F3 /* ArtonTap */ = {
			isa = PBXNativeTarget;
			buildConfigurationList = CED138022215BAD500C9B2F3 /* Build configuration list for PBXNativeTarget "ArtonTap" */;
			buildPhases = (
				09AA05EC9028C1CC51125CAE /* [CP] Check Pods Manifest.lock */,
				CED137E92215BAD200C9B2F3 /* Sources */,
				CED137EA2215BAD200C9B2F3 /* Frameworks */,
				CED137EB2215BAD200C9B2F3 /* Resources */,
				B72C0B554AE7EC0CD4192C35 /* [CP] Embed Pods Frameworks */,
			);
			buildRules = (
			);
			dependencies = (
			);
			name = ArtonTap;
			productName = ArtonTap;
			productReference = CED137ED2215BAD200C9B2F3 /* ArtonTap.app */;
			productType = "com.apple.product-type.application";
		};
/* End PBXNativeTarget section */

/* Begin PBXProject section */
		CED137E52215BAD200C9B2F3 /* Project object */ = {
			isa = PBXProject;
			attributes = {
				LastSwiftUpdateCheck = 1010;
				LastUpgradeCheck = 1010;
				ORGANIZATIONNAME = user;
				TargetAttributes = {
					CED137EC2215BAD200C9B2F3 = {
						CreatedOnToolsVersion = 10.1;
						SystemCapabilities = {
							com.apple.Keychain = {
								enabled = 1;
							};
							com.apple.Maps.iOS = {
								enabled = 1;
							};
						};
					};
				};
			};
			buildConfigurationList = CED137E82215BAD200C9B2F3 /* Build configuration list for PBXProject "ArtonTap" */;
			compatibilityVersion = "Xcode 9.3";
			developmentRegion = en;
			hasScannedForEncodings = 0;
			knownRegions = (
				en,
				Base,
			);
			mainGroup = CED137E42215BAD200C9B2F3;
			productRefGroup = CED137EE2215BAD200C9B2F3 /* Products */;
			projectDirPath = "";
			projectRoot = "";
			targets = (
				CED137EC2215BAD200C9B2F3 /* ArtonTap */,
			);
		};
/* End PBXProject section */

/* Begin PBXResourcesBuildPhase section */
		CED137EB2215BAD200C9B2F3 /* Resources */ = {
			isa = PBXResourcesBuildPhase;
			buildActionMask = 2147483647;
			files = (
				CED137FE2215BAD500C9B2F3 /* LaunchScreen.storyboard in Resources */,
				CE0422C12229CAD2001E922C /* GoogleService-Info.plist in Resources */,
				CED137FB2215BAD500C9B2F3 /* Assets.xcassets in Resources */,
				CED137F62215BAD300C9B2F3 /* Main.storyboard in Resources */,
			);
			runOnlyForDeploymentPostprocessing = 0;
		};
/* End PBXResourcesBuildPhase section */

/* Begin PBXShellScriptBuildPhase section */
		09AA05EC9028C1CC51125CAE /* [CP] Check Pods Manifest.lock */ = {
			isa = PBXShellScriptBuildPhase;
			buildActionMask = 2147483647;
			files = (
			);
			inputFileListPaths = (
			);
			inputPaths = (
				"${PODS_PODFILE_DIR_PATH}/Podfile.lock",
				"${PODS_ROOT}/Manifest.lock",
			);
			name = "[CP] Check Pods Manifest.lock";
			outputFileListPaths = (
			);
			outputPaths = (
				"$(DERIVED_FILE_DIR)/Pods-ArtonTap-checkManifestLockResult.txt",
			);
			runOnlyForDeploymentPostprocessing = 0;
			shellPath = /bin/sh;
			shellScript = "diff \"${PODS_PODFILE_DIR_PATH}/Podfile.lock\" \"${PODS_ROOT}/Manifest.lock\" > /dev/null\nif [ $? != 0 ] ; then\n    # print error to STDERR\n    echo \"error: The sandbox is not in sync with the Podfile.lock. Run 'pod install' or update your CocoaPods installation.\" >&2\n    exit 1\nfi\n# This output is used by Xcode 'outputs' to avoid re-running this script phase.\necho \"SUCCESS\" > \"${SCRIPT_OUTPUT_FILE_0}\"\n";
			showEnvVarsInLog = 0;
		};
		B72C0B554AE7EC0CD4192C35 /* [CP] Embed Pods Frameworks */ = {
			isa = PBXShellScriptBuildPhase;
			buildActionMask = 2147483647;
			files = (
			);
			inputFileListPaths = (
			);
			inputPaths = (
				"${SRCROOT}/Pods/Target Support Files/Pods-ArtonTap/Pods-ArtonTap-frameworks.sh",
				"${BUILT_PRODUCTS_DIR}/ChameleonFramework/ChameleonFramework.framework",
				"${BUILT_PRODUCTS_DIR}/GTMSessionFetcher/GTMSessionFetcher.framework",
				"${BUILT_PRODUCTS_DIR}/GoogleUtilities/GoogleUtilities.framework",
				"${BUILT_PRODUCTS_DIR}/SVProgressHUD/SVProgressHUD.framework",
				"${BUILT_PRODUCTS_DIR}/UITextView+Placeholder/UITextView_Placeholder.framework",
				"${BUILT_PRODUCTS_DIR}/leveldb-library/leveldb.framework",
				"${BUILT_PRODUCTS_DIR}/nanopb/nanopb.framework",
			);
			name = "[CP] Embed Pods Frameworks";
			outputFileListPaths = (
			);
			outputPaths = (
				"${TARGET_BUILD_DIR}/${FRAMEWORKS_FOLDER_PATH}/ChameleonFramework.framework",
				"${TARGET_BUILD_DIR}/${FRAMEWORKS_FOLDER_PATH}/GTMSessionFetcher.framework",
				"${TARGET_BUILD_DIR}/${FRAMEWORKS_FOLDER_PATH}/GoogleUtilities.framework",
				"${TARGET_BUILD_DIR}/${FRAMEWORKS_FOLDER_PATH}/SVProgressHUD.framework",
				"${TARGET_BUILD_DIR}/${FRAMEWORKS_FOLDER_PATH}/UITextView_Placeholder.framework",
				"${TARGET_BUILD_DIR}/${FRAMEWORKS_FOLDER_PATH}/leveldb.framework",
				"${TARGET_BUILD_DIR}/${FRAMEWORKS_FOLDER_PATH}/nanopb.framework",
			);
			runOnlyForDeploymentPostprocessing = 0;
			shellPath = /bin/sh;
			shellScript = "\"${SRCROOT}/Pods/Target Support Files/Pods-ArtonTap/Pods-ArtonTap-frameworks.sh\"\n";
			showEnvVarsInLog = 0;
		};
/* End PBXShellScriptBuildPhase section */

/* Begin PBXSourcesBuildPhase section */
		CED137E92215BAD200C9B2F3 /* Sources */ = {
			isa = PBXSourcesBuildPhase;
			buildActionMask = 2147483647;
			files = (
				CED137F92215BAD300C9B2F3 /* ArtonTap.xcdatamodeld in Sources */,
				CE727131221CCD980040C84E /* MapViewController.swift in Sources */,
				CE46E02722176F5B0025FB5C /* ArtDetailsViewController.swift in Sources */,
				CED137F32215BAD300C9B2F3 /* ArtCollectionTableviewController.swift in Sources */,
				CED137F12215BAD200C9B2F3 /* AppDelegate.swift in Sources */,
				CED138062215EF3100C9B2F3 /* AddArtViewCellViewController.swift in Sources */,
				CE727133221CCE400040C84E /* UserLocations.swift in Sources */,
				CE904D102225E654005CE6CF /* GlobeViewController.swift in Sources */,
				CEC792832229BC99001B2604 /* LogInScreenViewController.swift in Sources */,
				CEBBFBE32223557200A9085D /* SearchTableViewController.swift in Sources */,
				CE1D6E54223D17C0000D0387 /* DeletionViewController.swift in Sources */,
			);
			runOnlyForDeploymentPostprocessing = 0;
		};
/* End PBXSourcesBuildPhase section */

/* Begin PBXVariantGroup section */
		CED137F42215BAD300C9B2F3 /* Main.storyboard */ = {
			isa = PBXVariantGroup;
			children = (
				CED137F52215BAD300C9B2F3 /* Base */,
			);
			name = Main.storyboard;
			sourceTree = "<group>";
		};
		CED137FC2215BAD500C9B2F3 /* LaunchScreen.storyboard */ = {
			isa = PBXVariantGroup;
			children = (
				CED137FD2215BAD500C9B2F3 /* Base */,
			);
			name = LaunchScreen.storyboard;
			sourceTree = "<group>";
		};
/* End PBXVariantGroup section */

/* Begin XCBuildConfiguration section */
		CED138002215BAD500C9B2F3 /* Debug */ = {
			isa = XCBuildConfiguration;
			buildSettings = {
				ALWAYS_SEARCH_USER_PATHS = NO;
				CLANG_ANALYZER_NONNULL = YES;
				CLANG_ANALYZER_NUMBER_OBJECT_CONVERSION = YES_AGGRESSIVE;
				CLANG_CXX_LANGUAGE_STANDARD = "gnu++14";
				CLANG_CXX_LIBRARY = "libc++";
				CLANG_ENABLE_MODULES = YES;
				CLANG_ENABLE_OBJC_ARC = YES;
				CLANG_ENABLE_OBJC_WEAK = YES;
				CLANG_WARN_BLOCK_CAPTURE_AUTORELEASING = YES;
				CLANG_WARN_BOOL_CONVERSION = YES;
				CLANG_WARN_COMMA = YES;
				CLANG_WARN_CONSTANT_CONVERSION = YES;
				CLANG_WARN_DEPRECATED_OBJC_IMPLEMENTATIONS = YES;
				CLANG_WARN_DIRECT_OBJC_ISA_USAGE = YES_ERROR;
				CLANG_WARN_DOCUMENTATION_COMMENTS = YES;
				CLANG_WARN_EMPTY_BODY = YES;
				CLANG_WARN_ENUM_CONVERSION = YES;
				CLANG_WARN_INFINITE_RECURSION = YES;
				CLANG_WARN_INT_CONVERSION = YES;
				CLANG_WARN_NON_LITERAL_NULL_CONVERSION = YES;
				CLANG_WARN_OBJC_IMPLICIT_RETAIN_SELF = YES;
				CLANG_WARN_OBJC_LITERAL_CONVERSION = YES;
				CLANG_WARN_OBJC_ROOT_CLASS = YES_ERROR;
				CLANG_WARN_RANGE_LOOP_ANALYSIS = YES;
				CLANG_WARN_STRICT_PROTOTYPES = YES;
				CLANG_WARN_SUSPICIOUS_MOVE = YES;
				CLANG_WARN_UNGUARDED_AVAILABILITY = YES_AGGRESSIVE;
				CLANG_WARN_UNREACHABLE_CODE = YES;
				CLANG_WARN__DUPLICATE_METHOD_MATCH = YES;
				CODE_SIGN_IDENTITY = "iPhone Developer";
				COPY_PHASE_STRIP = NO;
				DEBUG_INFORMATION_FORMAT = dwarf;
				ENABLE_STRICT_OBJC_MSGSEND = YES;
				ENABLE_TESTABILITY = YES;
				GCC_C_LANGUAGE_STANDARD = gnu11;
				GCC_DYNAMIC_NO_PIC = NO;
				GCC_NO_COMMON_BLOCKS = YES;
				GCC_OPTIMIZATION_LEVEL = 0;
				GCC_PREPROCESSOR_DEFINITIONS = (
					"DEBUG=1",
					"$(inherited)",
				);
				GCC_WARN_64_TO_32_BIT_CONVERSION = YES;
				GCC_WARN_ABOUT_RETURN_TYPE = YES_ERROR;
				GCC_WARN_UNDECLARED_SELECTOR = YES;
				GCC_WARN_UNINITIALIZED_AUTOS = YES_AGGRESSIVE;
				GCC_WARN_UNUSED_FUNCTION = YES;
				GCC_WARN_UNUSED_VARIABLE = YES;
				IPHONEOS_DEPLOYMENT_TARGET = 12.1;
				MTL_ENABLE_DEBUG_INFO = INCLUDE_SOURCE;
				MTL_FAST_MATH = YES;
				ONLY_ACTIVE_ARCH = YES;
				SDKROOT = iphoneos;
				SWIFT_ACTIVE_COMPILATION_CONDITIONS = DEBUG;
				SWIFT_OPTIMIZATION_LEVEL = "-Onone";
			};
			name = Debug;
		};
		CED138012215BAD500C9B2F3 /* Release */ = {
			isa = XCBuildConfiguration;
			buildSettings = {
				ALWAYS_SEARCH_USER_PATHS = NO;
				CLANG_ANALYZER_NONNULL = YES;
				CLANG_ANALYZER_NUMBER_OBJECT_CONVERSION = YES_AGGRESSIVE;
				CLANG_CXX_LANGUAGE_STANDARD = "gnu++14";
				CLANG_CXX_LIBRARY = "libc++";
				CLANG_ENABLE_MODULES = YES;
				CLANG_ENABLE_OBJC_ARC = YES;
				CLANG_ENABLE_OBJC_WEAK = YES;
				CLANG_WARN_BLOCK_CAPTURE_AUTORELEASING = YES;
				CLANG_WARN_BOOL_CONVERSION = YES;
				CLANG_WARN_COMMA = YES;
				CLANG_WARN_CONSTANT_CONVERSION = YES;
				CLANG_WARN_DEPRECATED_OBJC_IMPLEMENTATIONS = YES;
				CLANG_WARN_DIRECT_OBJC_ISA_USAGE = YES_ERROR;
				CLANG_WARN_DOCUMENTATION_COMMENTS = YES;
				CLANG_WARN_EMPTY_BODY = YES;
				CLANG_WARN_ENUM_CONVERSION = YES;
				CLANG_WARN_INFINITE_RECURSION = YES;
				CLANG_WARN_INT_CONVERSION = YES;
				CLANG_WARN_NON_LITERAL_NULL_CONVERSION = YES;
				CLANG_WARN_OBJC_IMPLICIT_RETAIN_SELF = YES;
				CLANG_WARN_OBJC_LITERAL_CONVERSION = YES;
				CLANG_WARN_OBJC_ROOT_CLASS = YES_ERROR;
				CLANG_WARN_RANGE_LOOP_ANALYSIS = YES;
				CLANG_WARN_STRICT_PROTOTYPES = YES;
				CLANG_WARN_SUSPICIOUS_MOVE = YES;
				CLANG_WARN_UNGUARDED_AVAILABILITY = YES_AGGRESSIVE;
				CLANG_WARN_UNREACHABLE_CODE = YES;
				CLANG_WARN__DUPLICATE_METHOD_MATCH = YES;
				CODE_SIGN_IDENTITY = "iPhone Developer";
				COPY_PHASE_STRIP = NO;
				DEBUG_INFORMATION_FORMAT = "dwarf-with-dsym";
				ENABLE_NS_ASSERTIONS = NO;
				ENABLE_STRICT_OBJC_MSGSEND = YES;
				GCC_C_LANGUAGE_STANDARD = gnu11;
				GCC_NO_COMMON_BLOCKS = YES;
				GCC_WARN_64_TO_32_BIT_CONVERSION = YES;
				GCC_WARN_ABOUT_RETURN_TYPE = YES_ERROR;
				GCC_WARN_UNDECLARED_SELECTOR = YES;
				GCC_WARN_UNINITIALIZED_AUTOS = YES_AGGRESSIVE;
				GCC_WARN_UNUSED_FUNCTION = YES;
				GCC_WARN_UNUSED_VARIABLE = YES;
				IPHONEOS_DEPLOYMENT_TARGET = 12.1;
				MTL_ENABLE_DEBUG_INFO = NO;
				MTL_FAST_MATH = YES;
				SDKROOT = iphoneos;
				SWIFT_COMPILATION_MODE = wholemodule;
				SWIFT_OPTIMIZATION_LEVEL = "-O";
				VALIDATE_PRODUCT = YES;
			};
			name = Release;
		};
		CED138032215BAD500C9B2F3 /* Debug */ = {
			isa = XCBuildConfiguration;
			baseConfigurationReference = 1633E00E65F68FC619503914 /* Pods-ArtonTap.debug.xcconfig */;
			buildSettings = {
				ASSETCATALOG_COMPILER_APPICON_NAME = AppIcon;
				CODE_SIGN_ENTITLEMENTS = ArtonTap/ArtonTap.entitlements;
				CODE_SIGN_STYLE = Automatic;
				DEVELOPMENT_TEAM = UZ6SZSAX26;
				INFOPLIST_FILE = "$(SRCROOT)/ArtonTap/Model/Info.plist";
				LD_RUNPATH_SEARCH_PATHS = (
					"$(inherited)",
					"@executable_path/Frameworks",
				);
				PRODUCT_BUNDLE_IDENTIFIER = com.user.ArtonTap;
				PRODUCT_NAME = "$(TARGET_NAME)";
				SWIFT_VERSION = 4.2;
				TARGETED_DEVICE_FAMILY = "1,2";
			};
			name = Debug;
		};
		CED138042215BAD500C9B2F3 /* Release */ = {
			isa = XCBuildConfiguration;
			baseConfigurationReference = 9D479BB83E604BFBF9A43103 /* Pods-ArtonTap.release.xcconfig */;
			buildSettings = {
				ASSETCATALOG_COMPILER_APPICON_NAME = AppIcon;
				CODE_SIGN_ENTITLEMENTS = ArtonTap/ArtonTap.entitlements;
				CODE_SIGN_STYLE = Automatic;
				DEVELOPMENT_TEAM = UZ6SZSAX26;
				INFOPLIST_FILE = "$(SRCROOT)/ArtonTap/Model/Info.plist";
				LD_RUNPATH_SEARCH_PATHS = (
					"$(inherited)",
					"@executable_path/Frameworks",
				);
				PRODUCT_BUNDLE_IDENTIFIER = com.user.ArtonTap;
				PRODUCT_NAME = "$(TARGET_NAME)";
				SWIFT_VERSION = 4.2;
				TARGETED_DEVICE_FAMILY = "1,2";
			};
			name = Release;
		};
/* End XCBuildConfiguration section */

/* Begin XCConfigurationList section */
		CED137E82215BAD200C9B2F3 /* Build configuration list for PBXProject "ArtonTap" */ = {
			isa = XCConfigurationList;
			buildConfigurations = (
				CED138002215BAD500C9B2F3 /* Debug */,
				CED138012215BAD500C9B2F3 /* Release */,
			);
			defaultConfigurationIsVisible = 0;
			defaultConfigurationName = Release;
		};
		CED138022215BAD500C9B2F3 /* Build configuration list for PBXNativeTarget "ArtonTap" */ = {
			isa = XCConfigurationList;
			buildConfigurations = (
				CED138032215BAD500C9B2F3 /* Debug */,
				CED138042215BAD500C9B2F3 /* Release */,
			);
			defaultConfigurationIsVisible = 0;
			defaultConfigurationName = Release;
		};
/* End XCConfigurationList section */

/* Begin XCVersionGroup section */
		CED137F72215BAD300C9B2F3 /* ArtonTap.xcdatamodeld */ = {
			isa = XCVersionGroup;
			children = (
				CED137F82215BAD300C9B2F3 /* ArtonTap.xcdatamodel */,
			);
			currentVersion = CED137F82215BAD300C9B2F3 /* ArtonTap.xcdatamodel */;
			path = ArtonTap.xcdatamodeld;
			sourceTree = "<group>";
			versionGroupType = wrapper.xcdatamodel;
		};
/* End XCVersionGroup section */
	};
	rootObject = CED137E52215BAD200C9B2F3 /* Project object */;
}
